Microsoft Visual Studio Solution File, Format Version 12.00
# Visual Studio Version 17
VisualStudioVersion = 17.12.35527.113 d17.12
MinimumVisualStudioVersion = 10.0.40219.1
Project("{FAE04EC0-301F-11D3-BF4B-00C04F79EFBC}") = "AspireApp1.AppHost", "AspireApp1.AppHost\AspireApp1.AppHost.csproj", "{80B275A6-EAD4-4BF3-B5D8-2D86DE0DB393}"
EndProject
Project("{FAE04EC0-301F-11D3-BF4B-00C04F79EFBC}") = "AspireApp1.ServiceDefaults", "AspireApp1.ServiceDefaults\AspireApp1.ServiceDefaults.csproj", "{17AE6896-3D71-40C8-90F9-A9287576C446}"
EndProject
Project("{FAE04EC0-301F-11D3-BF4B-00C04F79EFBC}") = "AspireApp1.ApiService", "AspireApp1.ApiService\AspireApp1.ApiService.csproj", "{8A2C2C23-6287-48F9-AA95-25DAF5358A8E}"
EndProject
Project("{FAE04EC0-301F-11D3-BF4B-00C04F79EFBC}") = "AspireApp1.Web", "AspireApp1.Web\AspireApp1.Web.csproj", "{E3EF2115-A6A9-4E30-9CD7-4850C4EF9593}"
EndProject
Global
	GlobalSection(SolutionConfigurationPlatforms) = preSolution
		Debug|Any CPU = Debug|Any CPU
		Release|Any CPU = Release|Any CPU
	EndGlobalSection
	GlobalSection(ProjectConfigurationPlatforms) = postSolution
		{80B275A6-EAD4-4BF3-B5D8-2D86DE0DB393}.Debug|Any CPU.ActiveCfg = Debug|Any CPU
		{80B275A6-EAD4-4BF3-B5D8-2D86DE0DB393}.Debug|Any CPU.Build.0 = Debug|Any CPU
		{80B275A6-EAD4-4BF3-B5D8-2D86DE0DB393}.Release|Any CPU.ActiveCfg = Release|Any CPU
		{80B275A6-EAD4-4BF3-B5D8-2D86DE0DB393}.Release|Any CPU.Build.0 = Release|Any CPU
		{17AE6896-3D71-40C8-90F9-A9287576C446}.Debug|Any CPU.ActiveCfg = Debug|Any CPU
		{17AE6896-3D71-40C8-90F9-A9287576C446}.Debug|Any CPU.Build.0 = Debug|Any CPU
		{17AE6896-3D71-40C8-90F9-A9287576C446}.Release|Any CPU.ActiveCfg = Release|Any CPU
		{17AE6896-3D71-40C8-90F9-A9287576C446}.Release|Any CPU.Build.0 = Release|Any CPU
		{8A2C2C23-6287-48F9-AA95-25DAF5358A8E}.Debug|Any CPU.ActiveCfg = Debug|Any CPU
		{8A2C2C23-6287-48F9-AA95-25DAF5358A8E}.Debug|Any CPU.Build.0 = Debug|Any CPU
		{8A2C2C23-6287-48F9-AA95-25DAF5358A8E}.Release|Any CPU.ActiveCfg = Release|Any CPU
		{8A2C2C23-6287-48F9-AA95-25DAF5358A8E}.Release|Any CPU.Build.0 = Release|Any CPU
		{E3EF2115-A6A9-4E30-9CD7-4850C4EF9593}.Debug|Any CPU.ActiveCfg = Debug|Any CPU
		{E3EF2115-A6A9-4E30-9CD7-4850C4EF9593}.Debug|Any CPU.Build.0 = Debug|Any CPU
		{E3EF2115-A6A9-4E30-9CD7-4850C4EF9593}.Release|Any CPU.ActiveCfg = Release|Any CPU
		{E3EF2115-A6A9-4E30-9CD7-4850C4EF9593}.Release|Any CPU.Build.0 = Release|Any CPU
	EndGlobalSection
	GlobalSection(SolutionProperties) = preSolution
		HideSolutionNode = FALSE
	EndGlobalSection
EndGlobal
